// !$*UTF8*$!
{
	archiveVersion = 1;
	classes = {
	};
	objectVersion = 48;
	objects = {

/* Begin PBXBuildFile section */
		3C6E6DBE1FB8948D003E11AE /* IANHTTPSCheckProtocol.m in Sources */ = {isa = PBXBuildFile; fileRef = 3C6E6DBD1FB8948D003E11AE /* IANHTTPSCheckProtocol.m */; };
		3C80AE1A1FA77E1100E62580 /* AppDelegate.m in Sources */ = {isa = PBXBuildFile; fileRef = 3C80AE191FA77E1100E62580 /* AppDelegate.m */; };
		3C80AE1D1FA77E1100E62580 /* ViewController.m in Sources */ = {isa = PBXBuildFile; fileRef = 3C80AE1C1FA77E1100E62580 /* ViewController.m */; };
		3C80AE201FA77E1100E62580 /* Main.storyboard in Resources */ = {isa = PBXBuildFile; fileRef = 3C80AE1E1FA77E1100E62580 /* Main.storyboard */; };
		3C80AE221FA77E1100E62580 /* Assets.xcassets in Resources */ = {isa = PBXBuildFile; fileRef = 3C80AE211FA77E1100E62580 /* Assets.xcassets */; };
		3C80AE251FA77E1100E62580 /* LaunchScreen.storyboard in Resources */ = {isa = PBXBuildFile; fileRef = 3C80AE231FA77E1100E62580 /* LaunchScreen.storyboard */; };
		3C80AE281FA77E1100E62580 /* main.m in Sources */ = {isa = PBXBuildFile; fileRef = 3C80AE271FA77E1100E62580 /* main.m */; };
		3C80AE301FA7802400E62580 /* TimeModel.m in Sources */ = {isa = PBXBuildFile; fileRef = 3C80AE2F1FA7802400E62580 /* TimeModel.m */; };
		3C80AE331FA7806600E62580 /* listModel.m in Sources */ = {isa = PBXBuildFile; fileRef = 3C80AE321FA7806600E62580 /* listModel.m */; };
		57F84A3F57315586D36415B9 /* libPods-NetworkInterceptionDemo.a in Frameworks */ = {isa = PBXBuildFile; fileRef = F61BF657F4A9F2A22199F11F /* libPods-NetworkInterceptionDemo.a */; };
/* End PBXBuildFile section */

/* Begin PBXFileReference section */
		09ED6A15AFE2989B5DC994D4 /* Pods-NetworkInterceptionDemo.debug.xcconfig */ = {isa = PBXFileReference; includeInIndex = 1; lastKnownFileType = text.xcconfig; name = "Pods-NetworkInterceptionDemo.debug.xcconfig"; path = "Pods/Target Support Files/Pods-NetworkInterceptionDemo/Pods-NetworkInterceptionDemo.debug.xcconfig"; sourceTree = "<group>"; };
		3C6E6DBC1FB8948D003E11AE /* IANHTTPSCheckProtocol.h */ = {isa = PBXFileReference; lastKnownFileType = sourcecode.c.h; path = IANHTTPSCheckProtocol.h; sourceTree = "<group>"; };
		3C6E6DBD1FB8948D003E11AE /* IANHTTPSCheckProtocol.m */ = {isa = PBXFileReference; lastKnownFileType = sourcecode.c.objc; path = IANHTTPSCheckProtocol.m; sourceTree = "<group>"; };
		3C80AE151FA77E1100E62580 /* NetworkInterceptionDemo.app */ = {isa = PBXFileReference; explicitFileType = wrapper.application; includeInIndex = 0; path = NetworkInterceptionDemo.app; sourceTree = BUILT_PRODUCTS_DIR; };
		3C80AE181FA77E1100E62580 /* AppDelegate.h */ = {isa = PBXFileReference; lastKnownFileType = sourcecode.c.h; path = AppDelegate.h; sourceTree = "<group>"; };
		3C80AE191FA77E1100E62580 /* AppDelegate.m */ = {isa = PBXFileReference; lastKnownFileType = sourcecode.c.objc; path = AppDelegate.m; sourceTree = "<group>"; };
		3C80AE1B1FA77E1100E62580 /* ViewController.h */ = {isa = PBXFileReference; lastKnownFileType = sourcecode.c.h; path = ViewController.h; sourceTree = "<group>"; };
		3C80AE1C1FA77E1100E62580 /* ViewController.m */ = {isa = PBXFileReference; lastKnownFileType = sourcecode.c.objc; path = ViewController.m; sourceTree = "<group>"; };
		3C80AE1F1FA77E1100E62580 /* Base */ = {isa = PBXFileReference; lastKnownFileType = file.storyboard; name = Base; path = Base.lproj/Main.storyboard; sourceTree = "<group>"; };
		3C80AE211FA77E1100E62580 /* Assets.xcassets */ = {isa = PBXFileReference; lastKnownFileType = folder.assetcatalog; path = Assets.xcassets; sourceTree = "<group>"; };
		3C80AE241FA77E1100E62580 /* Base */ = {isa = PBXFileReference; lastKnownFileType = file.storyboard; name = Base; path = Base.lproj/LaunchScreen.storyboard; sourceTree = "<group>"; };
		3C80AE261FA77E1100E62580 /* Info.plist */ = {isa = PBXFileReference; lastKnownFileType = text.plist.xml; path = Info.plist; sourceTree = "<group>"; };
		3C80AE271FA77E1100E62580 /* main.m */ = {isa = PBXFileReference; lastKnownFileType = sourcecode.c.objc; path = main.m; sourceTree = "<group>"; };
		3C80AE2E1FA7802400E62580 /* TimeModel.h */ = {isa = PBXFileReference; lastKnownFileType = sourcecode.c.h; path = TimeModel.h; sourceTree = "<group>"; };
		3C80AE2F1FA7802400E62580 /* TimeModel.m */ = {isa = PBXFileReference; lastKnownFileType = sourcecode.c.objc; path = TimeModel.m; sourceTree = "<group>"; };
		3C80AE311FA7806600E62580 /* listModel.h */ = {isa = PBXFileReference; lastKnownFileType = sourcecode.c.h; path = listModel.h; sourceTree = "<group>"; };
		3C80AE321FA7806600E62580 /* listModel.m */ = {isa = PBXFileReference; lastKnownFileType = sourcecode.c.objc; path = listModel.m; sourceTree = "<group>"; };
		6F62731CBB804960A068196E /* Pods-NetworkInterceptionDemo.release.xcconfig */ = {isa = PBXFileReference; includeInIndex = 1; lastKnownFileType = text.xcconfig; name = "Pods-NetworkInterceptionDemo.release.xcconfig"; path = "Pods/Target Support Files/Pods-NetworkInterceptionDemo/Pods-NetworkInterceptionDemo.release.xcconfig"; sourceTree = "<group>"; };
		F61BF657F4A9F2A22199F11F /* libPods-NetworkInterceptionDemo.a */ = {isa = PBXFileReference; explicitFileType = archive.ar; includeInIndex = 0; path = "libPods-NetworkInterceptionDemo.a"; sourceTree = BUILT_PRODUCTS_DIR; };
/* End PBXFileReference section */

/* Begin PBXFrameworksBuildPhase section */
		3C80AE121FA77E1100E62580 /* Frameworks */ = {
			isa = PBXFrameworksBuildPhase;
			buildActionMask = 2147483647;
			files = (
				57F84A3F57315586D36415B9 /* libPods-NetworkInterceptionDemo.a in Frameworks */,
			);
			runOnlyForDeploymentPostprocessing = 0;
		};
/* End PBXFrameworksBuildPhase section */

/* Begin PBXGroup section */
		3C80AE0C1FA77E1100E62580 = {
			isa = PBXGroup;
			children = (
				3C80AE171FA77E1100E62580 /* NetworkInterceptionDemo */,
				3C80AE161FA77E1100E62580 /* Products */,
				FE2A663B2A6B3A5096D4D2D1 /* Pods */,
				50F5519C595DDD09B0BD3251 /* Frameworks */,
			);
			sourceTree = "<group>";
		};
		3C80AE161FA77E1100E62580 /* Products */ = {
			isa = PBXGroup;
			children = (
				3C80AE151FA77E1100E62580 /* NetworkInterceptionDemo.app */,
			);
			name = Products;
			sourceTree = "<group>";
		};
		3C80AE171FA77E1100E62580 /* NetworkInterceptionDemo */ = {
			isa = PBXGroup;
			children = (
				3C80AE181FA77E1100E62580 /* AppDelegate.h */,
				3C80AE191FA77E1100E62580 /* AppDelegate.m */,
				3C80AE1B1FA77E1100E62580 /* ViewController.h */,
				3C80AE1C1FA77E1100E62580 /* ViewController.m */,
				3C80AE2E1FA7802400E62580 /* TimeModel.h */,
				3C80AE2F1FA7802400E62580 /* TimeModel.m */,
				3C80AE311FA7806600E62580 /* listModel.h */,
				3C80AE321FA7806600E62580 /* listModel.m */,
				3C6E6DBC1FB8948D003E11AE /* IANHTTPSCheckProtocol.h */,
				3C6E6DBD1FB8948D003E11AE /* IANHTTPSCheckProtocol.m */,
				3C80AE1E1FA77E1100E62580 /* Main.storyboard */,
				3C80AE211FA77E1100E62580 /* Assets.xcassets */,
				3C80AE231FA77E1100E62580 /* LaunchScreen.storyboard */,
				3C80AE261FA77E1100E62580 /* Info.plist */,
				3C80AE271FA77E1100E62580 /* main.m */,
			);
			path = NetworkInterceptionDemo;
			sourceTree = "<group>";
		};
		50F5519C595DDD09B0BD3251 /* Frameworks */ = {
			isa = PBXGroup;
			children = (
				F61BF657F4A9F2A22199F11F /* libPods-NetworkInterceptionDemo.a */,
			);
			name = Frameworks;
			sourceTree = "<group>";
		};
		FE2A663B2A6B3A5096D4D2D1 /* Pods */ = {
			isa = PBXGroup;
			children = (
				09ED6A15AFE2989B5DC994D4 /* Pods-NetworkInterceptionDemo.debug.xcconfig */,
				6F62731CBB804960A068196E /* Pods-NetworkInterceptionDemo.release.xcconfig */,
			);
			name = Pods;
			sourceTree = "<group>";
		};
/* End PBXGroup section */

/* Begin PBXNativeTarget section */
		3C80AE141FA77E1100E62580 /* NetworkInterceptionDemo */ = {
			isa = PBXNativeTarget;
			buildConfigurationList = 3C80AE2B1FA77E1100E62580 /* Build configuration list for PBXNativeTarget "NetworkInterceptionDemo" */;
			buildPhases = (
				DFB5F7CA644FB3CBDCB73A76 /* [CP] Check Pods Manifest.lock */,
				3C80AE111FA77E1100E62580 /* Sources */,
				3C80AE121FA77E1100E62580 /* Frameworks */,
				3C80AE131FA77E1100E62580 /* Resources */,
				CB4563F515A34ACB25D2523A /* [CP] Embed Pods Frameworks */,
				2BFEB7DEC53B38FCB5AD43EB /* [CP] Copy Pods Resources */,
			);
			buildRules = (
			);
			dependencies = (
			);
			name = NetworkInterceptionDemo;
			productName = NetworkInterceptionDemo;
			productReference = 3C80AE151FA77E1100E62580 /* NetworkInterceptionDemo.app */;
			productType = "com.apple.product-type.application";
		};
/* End PBXNativeTarget section */

/* Begin PBXProject section */
		3C80AE0D1FA77E1100E62580 /* Project object */ = {
			isa = PBXProject;
			attributes = {
				LastUpgradeCheck = 0900;
				TargetAttributes = {
					3C80AE141FA77E1100E62580 = {
						CreatedOnToolsVersion = 9.0;
						ProvisioningStyle = Manual;
					};
				};
			};
			buildConfigurationList = 3C80AE101FA77E1100E62580 /* Build configuration list for PBXProject "NetworkInterceptionDemo" */;
			compatibilityVersion = "Xcode 8.0";
			developmentRegion = en;
			hasScannedForEncodings = 0;
			knownRegions = (
				en,
				Base,
			);
			mainGroup = 3C80AE0C1FA77E1100E62580;
			productRefGroup = 3C80AE161FA77E1100E62580 /* Products */;
			projectDirPath = "";
			projectRoot = "";
			targets = (
				3C80AE141FA77E1100E62580 /* NetworkInterceptionDemo */,
			);
		};
/* End PBXProject section */

/* Begin PBXResourcesBuildPhase section */
		3C80AE131FA77E1100E62580 /* Resources */ = {
			isa = PBXResourcesBuildPhase;
			buildActionMask = 2147483647;
			files = (
				3C80AE251FA77E1100E62580 /* LaunchScreen.storyboard in Resources */,
				3C80AE221FA77E1100E62580 /* Assets.xcassets in Resources */,
				3C80AE201FA77E1100E62580 /* Main.storyboard in Resources */,
			);
			runOnlyForDeploymentPostprocessing = 0;
		};
/* End PBXResourcesBuildPhase section */

/* Begin PBXShellScriptBuildPhase section */
		2BFEB7DEC53B38FCB5AD43EB /* [CP] Copy Pods Resources */ = {
			isa = PBXShellScriptBuildPhase;
			buildActionMask = 2147483647;
			files = (
			);
			inputPaths = (
			);
			name = "[CP] Copy Pods Resources";
			outputPaths = (
			);
			runOnlyForDeploymentPostprocessing = 0;
			shellPath = /bin/sh;
			shellScript = "\"${SRCROOT}/Pods/Target Support Files/Pods-NetworkInterceptionDemo/Pods-NetworkInterceptionDemo-resources.sh\"\n";
			showEnvVarsInLog = 0;
		};
		CB4563F515A34ACB25D2523A /* [CP] Embed Pods Frameworks */ = {
			isa = PBXShellScriptBuildPhase;
			buildActionMask = 2147483647;
			files = (
			);
			inputPaths = (
			);
			name = "[CP] Embed Pods Frameworks";
			outputPaths = (
			);
			runOnlyForDeploymentPostprocessing = 0;
			shellPath = /bin/sh;
			shellScript = "\"${SRCROOT}/Pods/Target Support Files/Pods-NetworkInterceptionDemo/Pods-NetworkInterceptionDemo-frameworks.sh\"\n";
			showEnvVarsInLog = 0;
		};
		DFB5F7CA644FB3CBDCB73A76 /* [CP] Check Pods Manifest.lock */ = {
			isa = PBXShellScriptBuildPhase;
			buildActionMask = 2147483647;
			files = (
			);
			inputPaths = (
				"${PODS_PODFILE_DIR_PATH}/Podfile.lock",
				"${PODS_ROOT}/Manifest.lock",
			);
			name = "[CP] Check Pods Manifest.lock";
			outputPaths = (
				"$(DERIVED_FILE_DIR)/Pods-NetworkInterceptionDemo-checkManifestLockResult.txt",
			);
			runOnlyForDeploymentPostprocessing = 0;
			shellPath = /bin/sh;
			shellScript = "diff \"${PODS_PODFILE_DIR_PATH}/Podfile.lock\" \"${PODS_ROOT}/Manifest.lock\" > /dev/null\nif [ $? != 0 ] ; then\n    # print error to STDERR\n    echo \"error: The sandbox is not in sync with the Podfile.lock. Run 'pod install' or update your CocoaPods installation.\" >&2\n    exit 1\nfi\n# This output is used by Xcode 'outputs' to avoid re-running this script phase.\necho \"SUCCESS\" > \"${SCRIPT_OUTPUT_FILE_0}\"\n";
			showEnvVarsInLog = 0;
		};
/* End PBXShellScriptBuildPhase section */

/* Begin PBXSourcesBuildPhase section */
		3C80AE111FA77E1100E62580 /* Sources */ = {
			isa = PBXSourcesBuildPhase;
			buildActionMask = 2147483647;
			files = (
				3C80AE1D1FA77E1100E62580 /* ViewController.m in Sources */,
				3C80AE281FA77E1100E62580 /* main.m in Sources */,
				3C80AE301FA7802400E62580 /* TimeModel.m in Sources */,
				3C80AE1A1FA77E1100E62580 /* AppDelegate.m in Sources */,
				3C80AE331FA7806600E62580 /* listModel.m in Sources */,
				3C6E6DBE1FB8948D003E11AE /* IANHTTPSCheckProtocol.m in Sources */,
			);
			runOnlyForDeploymentPostprocessing = 0;
		};
/* End PBXSourcesBuildPhase section */

/* Begin PBXVariantGroup section */
		3C80AE1E1FA77E1100E62580 /* Main.storyboard */ = {
			isa = PBXVariantGroup;
			children = (
				3C80AE1F1FA77E1100E62580 /* Base */,
			);
			name = Main.storyboard;
			sourceTree = "<group>";
		};
		3C80AE231FA77E1100E62580 /* LaunchScreen.storyboard */ = {
			isa = PBXVariantGroup;
			children = (
				3C80AE241FA77E1100E62580 /* Base */,
			);
			name = LaunchScreen.storyboard;
			sourceTree = "<group>";
		};
/* End PBXVariantGroup section */

/* Begin XCBuildConfiguration section */
		3C80AE291FA77E1100E62580 /* Debug */ = {
			isa = XCBuildConfiguration;
			buildSettings = {
				ALWAYS_SEARCH_USER_PATHS = NO;
				CLANG_ANALYZER_NONNULL = YES;
				CLANG_ANALYZER_NUMBER_OBJECT_CONVERSION = YES_AGGRESSIVE;
				CLANG_CXX_LANGUAGE_STANDARD = "gnu++14";
				CLANG_CXX_LIBRARY = "libc++";
				CLANG_ENABLE_MODULES = YES;
				CLANG_ENABLE_OBJC_ARC = YES;
				CLANG_WARN_BLOCK_CAPTURE_AUTORELEASING = YES;
				CLANG_WARN_BOOL_CONVERSION = YES;
				CLANG_WARN_COMMA = YES;
				CLANG_WARN_CONSTANT_CONVERSION = YES;
				CLANG_WARN_DIRECT_OBJC_ISA_USAGE = YES_ERROR;
				CLANG_WARN_DOCUMENTATION_COMMENTS = YES;
				CLANG_WARN_EMPTY_BODY = YES;
				CLANG_WARN_ENUM_CONVERSION = YES;
				CLANG_WARN_INFINITE_RECURSION = YES;
				CLANG_WARN_INT_CONVERSION = YES;
				CLANG_WARN_NON_LITERAL_NULL_CONVERSION = YES;
				CLANG_WARN_OBJC_LITERAL_CONVERSION = YES;
				CLANG_WARN_OBJC_ROOT_CLASS = YES_ERROR;
				CLANG_WARN_RANGE_LOOP_ANALYSIS = YES;
				CLANG_WARN_STRICT_PROTOTYPES = YES;
				CLANG_WARN_SUSPICIOUS_MOVE = YES;
				CLANG_WARN_UNGUARDED_AVAILABILITY = YES_AGGRESSIVE;
				CLANG_WARN_UNREACHABLE_CODE = YES;
				CLANG_WARN__DUPLICATE_METHOD_MATCH = YES;
				CODE_SIGN_IDENTITY = "iPhone Developer";
				COPY_PHASE_STRIP = NO;
				DEBUG_INFORMATION_FORMAT = dwarf;
				ENABLE_STRICT_OBJC_MSGSEND = YES;
				ENABLE_TESTABILITY = YES;
				GCC_C_LANGUAGE_STANDARD = gnu11;
				GCC_DYNAMIC_NO_PIC = NO;
				GCC_NO_COMMON_BLOCKS = YES;
				GCC_OPTIMIZATION_LEVEL = 0;
				GCC_PREPROCESSOR_DEFINITIONS = (
					"DEBUG=1",
					"$(inherited)",
				);
				GCC_WARN_64_TO_32_BIT_CONVERSION = YES;
				GCC_WARN_ABOUT_RETURN_TYPE = YES_ERROR;
				GCC_WARN_UNDECLARED_SELECTOR = YES;
				GCC_WARN_UNINITIALIZED_AUTOS = YES_AGGRESSIVE;
				GCC_WARN_UNUSED_FUNCTION = YES;
				GCC_WARN_UNUSED_VARIABLE = YES;
				IPHONEOS_DEPLOYMENT_TARGET = 11.0;
				MTL_ENABLE_DEBUG_INFO = YES;
				ONLY_ACTIVE_ARCH = YES;
				SDKROOT = iphoneos;
			};
			name = Debug;
		};
		3C80AE2A1FA77E1100E62580 /* Release */ = {
			isa = XCBuildConfiguration;
			buildSettings = {
				ALWAYS_SEARCH_USER_PATHS = NO;
				CLANG_ANALYZER_NONNULL = YES;
				CLANG_ANALYZER_NUMBER_OBJECT_CONVERSION = YES_AGGRESSIVE;
				CLANG_CXX_LANGUAGE_STANDARD = "gnu++14";
				CLANG_CXX_LIBRARY = "libc++";
				CLANG_ENABLE_MODULES = YES;
				CLANG_ENABLE_OBJC_ARC = YES;
				CLANG_WARN_BLOCK_CAPTURE_AUTORELEASING = YES;
				CLANG_WARN_BOOL_CONVERSION = YES;
				CLANG_WARN_COMMA = YES;
				CLANG_WARN_CONSTANT_CONVERSION = YES;
				CLANG_WARN_DIRECT_OBJC_ISA_USAGE = YES_ERROR;
				CLANG_WARN_DOCUMENTATION_COMMENTS = YES;
				CLANG_WARN_EMPTY_BODY = YES;
				CLANG_WARN_ENUM_CONVERSION = YES;
				CLANG_WARN_INFINITE_RECURSION = YES;
				CLANG_WARN_INT_CONVERSION = YES;
				CLANG_WARN_NON_LITERAL_NULL_CONVERSION = YES;
				CLANG_WARN_OBJC_LITERAL_CONVERSION = YES;
				CLANG_WARN_OBJC_ROOT_CLASS = YES_ERROR;
				CLANG_WARN_RANGE_LOOP_ANALYSIS = YES;
				CLANG_WARN_STRICT_PROTOTYPES = YES;
				CLANG_WARN_SUSPICIOUS_MOVE = YES;
				CLANG_WARN_UNGUARDED_AVAILABILITY = YES_AGGRESSIVE;
				CLANG_WARN_UNREACHABLE_CODE = YES;
				CLANG_WARN__DUPLICATE_METHOD_MATCH = YES;
				CODE_SIGN_IDENTITY = "iPhone Developer";
				COPY_PHASE_STRIP = NO;
				DEBUG_INFORMATION_FORMAT = "dwarf-with-dsym";
				ENABLE_NS_ASSERTIONS = NO;
				ENABLE_STRICT_OBJC_MSGSEND = YES;
				GCC_C_LANGUAGE_STANDARD = gnu11;
				GCC_NO_COMMON_BLOCKS = YES;
				GCC_WARN_64_TO_32_BIT_CONVERSION = YES;
				GCC_WARN_ABOUT_RETURN_TYPE = YES_ERROR;
				GCC_WARN_UNDECLARED_SELECTOR = YES;
				GCC_WARN_UNINITIALIZED_AUTOS = YES_AGGRESSIVE;
				GCC_WARN_UNUSED_FUNCTION = YES;
				GCC_WARN_UNUSED_VARIABLE = YES;
				IPHONEOS_DEPLOYMENT_TARGET = 11.0;
				MTL_ENABLE_DEBUG_INFO = NO;
				SDKROOT = iphoneos;
				VALIDATE_PRODUCT = YES;
			};
			name = Release;
		};
		3C80AE2C1FA77E1100E62580 /* Debug */ = {
			isa = XCBuildConfiguration;
			baseConfigurationReference = 09ED6A15AFE2989B5DC994D4 /* Pods-NetworkInterceptionDemo.debug.xcconfig */;
			buildSettings = {
				ASSETCATALOG_COMPILER_APPICON_NAME = AppIcon;
				CODE_SIGN_STYLE = Manual;
				DEVELOPMENT_TEAM = DAW493MYAY;
				INFOPLIST_FILE = NetworkInterceptionDemo/Info.plist;
				LD_RUNPATH_SEARCH_PATHS = "$(inherited) @executable_path/Frameworks";
				PRODUCT_BUNDLE_IDENTIFIER = com.ianisme.NetworkInterceptionDemo;
				PRODUCT_NAME = "$(TARGET_NAME)";
				PROVISIONING_PROFILE = "be30918f-ec22-48a2-bfd2-e427da01a255";
				PROVISIONING_PROFILE_SPECIFIER = ianDev20181029expire;
				TARGETED_DEVICE_FAMILY = "1,2";
			};
			name = Debug;
		};
		3C80AE2D1FA77E1100E62580 /* Release */ = {
			isa = XCBuildConfiguration;
			baseConfigurationReference = 6F62731CBB804960A068196E /* Pods-NetworkInterceptionDemo.release.xcconfig */;
			buildSettings = {
				ASSETCATALOG_COMPILER_APPICON_NAME = AppIcon;
				CODE_SIGN_STYLE = Manual;
				DEVELOPMENT_TEAM = DAW493MYAY;
				INFOPLIST_FILE = NetworkInterceptionDemo/Info.plist;
				LD_RUNPATH_SEARCH_PATHS = "$(inherited) @executable_path/Frameworks";
				PRODUCT_BUNDLE_IDENTIFIER = com.ianisme.NetworkInterceptionDemo;
				PRODUCT_NAME = "$(TARGET_NAME)";
				PROVISIONING_PROFILE = "be30918f-ec22-48a2-bfd2-e427da01a255";
				PROVISIONING_PROFILE_SPECIFIER = ianDev20181029expire;
				TARGETED_DEVICE_FAMILY = "1,2";
			};
			name = Release;
		};
/* End XCBuildConfiguration section */

/* Begin XCConfigurationList section */
		3C80AE101FA77E1100E62580 /* Build configuration list for PBXProject "NetworkInterceptionDemo" */ = {
			isa = XCConfigurationList;
			buildConfigurations = (
				3C80AE291FA77E1100E62580 /* Debug */,
				3C80AE2A1FA77E1100E62580 /* Release */,
			);
			defaultConfigurationIsVisible = 0;
			defaultConfigurationName = Release;
		};
		3C80AE2B1FA77E1100E62580 /* Build configuration list for PBXNativeTarget "NetworkInterceptionDemo" */ = {
			isa = XCConfigurationList;
			buildConfigurations = (
				3C80AE2C1FA77E1100E62580 /* Debug */,
				3C80AE2D1FA77E1100E62580 /* Release */,
			);
			defaultConfigurationIsVisible = 0;
			defaultConfigurationName = Release;
		};
/* End XCConfigurationList section */
	};
	rootObject = 3C80AE0D1FA77E1100E62580 /* Project object */;
}
